{
  "lockfileVersion": 1,
  "workspaces": {
    "": {
      "name": "jaksel-lang-rdp",
      "devDependencies": {
        "@types/node": "^24.0.10",
        "globals": "^16.3.0",
      },
    },
  },
  "packages": {
    "@types/node": ["@types/node@24.0.10", "", { "dependencies": { "undici-types": "~7.8.0" } }, "sha512-ENHwaH+JIRTDIEEbDK6QSQntAYGtbvdDXnMXnZaZ6k13Du1dPMmprkEHIL7ok2Wl2aZevetwTAb5S+7yIF+enA=="],

    "globals": ["globals@16.3.0", "", {}, "sha512-bqWEnJ1Nt3neqx2q5SFfGS8r/ahumIakg3HcwtNlrVlwXIeNumWn/c7Pn/wKzGhf6SaW6H6uWXLqC30STCMchQ=="],

    "undici-types": ["undici-types@7.8.0", "", {}, "sha512-9UJ2xGDvQ43tYyVMpuHlsgApydB8ZKfVYTsLDhXkFL/6gfkp+U8xTGdh8pMJv1SpZna0zxG1DwsKZsreLbXBxw=="],
  }
}
